
Microsoft Visual Studio Solution File, Format Version 12.00
# Visual Studio Version 16
VisualStudioVersion = 16.0.810.25
MinimumVisualStudioVersion = 10.0.40219.1
Project("{FAE04EC0-301F-11D3-BF4B-00C04F79EFBC}") = "Test", "Test\Test.csproj", "{725926A1-9271-4E1A-B72A-1812AB8A716B}"
EndProject
Global
	GlobalSection(SolutionConfigurationPlatforms) = preSolution
		Debug|Any CPU = Debug|Any CPU
		Release|Any CPU = Release|Any CPU
	EndGlobalSection
	GlobalSection(ProjectConfigurationPlatforms) = postSolution
		{725926A1-9271-4E1A-B72A-1812AB8A716B}.Debug|Any CPU.ActiveCfg = Debug|Any CPU
		{725926A1-9271-4E1A-B72A-1812AB8A716B}.Debug|Any CPU.Build.0 = Debug|Any CPU
		{725926A1-9271-4E1A-B72A-1812AB8A716B}.Release|Any CPU.ActiveCfg = Release|Any CPU
		{725926A1-9271-4E1A-B72A-1812AB8A716B}.Release|Any CPU.Build.0 = Release|Any CPU
	EndGlobalSection
	GlobalSection(SolutionProperties) = preSolution
		HideSolutionNode = FALSE
	EndGlobalSection
	GlobalSection(ExtensibilityGlobals) = postSolution
		SolutionGuid = {83F683AD-0BF3-4753-8E56-D301BC3F8A68}
	EndGlobalSection
EndGlobal
